// !$*UTF8*$!
{
	archiveVersion = 1;
	classes = {
	};
	objectVersion = 50;
	objects = {

/* Begin PBXBuildFile section */
		8A1B612D245ADAA4002ADF61 /* AppDelegate.swift in Sources */ = {isa = PBXBuildFile; fileRef = 8A1B612C245ADAA4002ADF61 /* AppDelegate.swift */; };
		8A1B612F245ADAA4002ADF61 /* SceneDelegate.swift in Sources */ = {isa = PBXBuildFile; fileRef = 8A1B612E245ADAA4002ADF61 /* SceneDelegate.swift */; };
		8A1B6131245ADAA4002ADF61 /* ContentView.swift in Sources */ = {isa = PBXBuildFile; fileRef = 8A1B6130245ADAA4002ADF61 /* ContentView.swift */; };
		8A1B6133245ADAA7002ADF61 /* Assets.xcassets in Resources */ = {isa = PBXBuildFile; fileRef = 8A1B6132245ADAA7002ADF61 /* Assets.xcassets */; };
		8A1B6136245ADAA7002ADF61 /* Preview Assets.xcassets in Resources */ = {isa = PBXBuildFile; fileRef = 8A1B6135245ADAA7002ADF61 /* Preview Assets.xcassets */; };
		8A1B6139245ADAA7002ADF61 /* LaunchScreen.storyboard in Resources */ = {isa = PBXBuildFile; fileRef = 8A1B6137245ADAA7002ADF61 /* LaunchScreen.storyboard */; };
		8A1B6144245ADAA7002ADF61 /* IOSTutorialTests.swift in Sources */ = {isa = PBXBuildFile; fileRef = 8A1B6143245ADAA7002ADF61 /* IOSTutorialTests.swift */; };
		8A1B614F245ADAA7002ADF61 /* IOSTutorialUITests.swift in Sources */ = {isa = PBXBuildFile; fileRef = 8A1B614E245ADAA7002ADF61 /* IOSTutorialUITests.swift */; };
/* End PBXBuildFile section */

/* Begin PBXContainerItemProxy section */
		8A1B6140245ADAA7002ADF61 /* PBXContainerItemProxy */ = {
			isa = PBXContainerItemProxy;
			containerPortal = 8A1B6121245ADAA3002ADF61 /* Project object */;
			proxyType = 1;
			remoteGlobalIDString = 8A1B6128245ADAA4002ADF61;
			remoteInfo = IOSTutorial;
		};
		8A1B614B245ADAA7002ADF61 /* PBXContainerItemProxy */ = {
			isa = PBXContainerItemProxy;
			containerPortal = 8A1B6121245ADAA3002ADF61 /* Project object */;
			proxyType = 1;
			remoteGlobalIDString = 8A1B6128245ADAA4002ADF61;
			remoteInfo = IOSTutorial;
		};
/* End PBXContainerItemProxy section */

/* Begin PBXFileReference section */
		8A1B6129245ADAA4002ADF61 /* IOSTutorial.app */ = {isa = PBXFileReference; explicitFileType = wrapper.application; includeInIndex = 0; path = IOSTutorial.app; sourceTree = BUILT_PRODUCTS_DIR; };
		8A1B612C245ADAA4002ADF61 /* AppDelegate.swift */ = {isa = PBXFileReference; lastKnownFileType = sourcecode.swift; path = AppDelegate.swift; sourceTree = "<group>"; };
		8A1B612E245ADAA4002ADF61 /* SceneDelegate.swift */ = {isa = PBXFileReference; lastKnownFileType = sourcecode.swift; path = SceneDelegate.swift; sourceTree = "<group>"; };
		8A1B6130245ADAA4002ADF61 /* ContentView.swift */ = {isa = PBXFileReference; lastKnownFileType = sourcecode.swift; path = ContentView.swift; sourceTree = "<group>"; };
		8A1B6132245ADAA7002ADF61 /* Assets.xcassets */ = {isa = PBXFileReference; lastKnownFileType = folder.assetcatalog; path = Assets.xcassets; sourceTree = "<group>"; };
		8A1B6135245ADAA7002ADF61 /* Preview Assets.xcassets */ = {isa = PBXFileReference; lastKnownFileType = folder.assetcatalog; path = "Preview Assets.xcassets"; sourceTree = "<group>"; };
		8A1B6138245ADAA7002ADF61 /* Base */ = {isa = PBXFileReference; lastKnownFileType = file.storyboard; name = Base; path = Base.lproj/LaunchScreen.storyboard; sourceTree = "<group>"; };
		8A1B613A245ADAA7002ADF61 /* Info.plist */ = {isa = PBXFileReference; lastKnownFileType = text.plist.xml; path = Info.plist; sourceTree = "<group>"; };
		8A1B613F245ADAA7002ADF61 /* IOSTutorialTests.xctest */ = {isa = PBXFileReference; explicitFileType = wrapper.cfbundle; includeInIndex = 0; path = IOSTutorialTests.xctest; sourceTree = BUILT_PRODUCTS_DIR; };
		8A1B6143245ADAA7002ADF61 /* IOSTutorialTests.swift */ = {isa = PBXFileReference; lastKnownFileType = sourcecode.swift; path = IOSTutorialTests.swift; sourceTree = "<group>"; };
		8A1B6145245ADAA7002ADF61 /* Info.plist */ = {isa = PBXFileReference; lastKnownFileType = text.plist.xml; path = Info.plist; sourceTree = "<group>"; };
		8A1B614A245ADAA7002ADF61 /* IOSTutorialUITests.xctest */ = {isa = PBXFileReference; explicitFileType = wrapper.cfbundle; includeInIndex = 0; path = IOSTutorialUITests.xctest; sourceTree = BUILT_PRODUCTS_DIR; };
		8A1B614E245ADAA7002ADF61 /* IOSTutorialUITests.swift */ = {isa = PBXFileReference; lastKnownFileType = sourcecode.swift; path = IOSTutorialUITests.swift; sourceTree = "<group>"; };
		8A1B6150245ADAA7002ADF61 /* Info.plist */ = {isa = PBXFileReference; lastKnownFileType = text.plist.xml; path = Info.plist; sourceTree = "<group>"; };
/* End PBXFileReference section */

/* Begin PBXFrameworksBuildPhase section */
		8A1B6126245ADAA4002ADF61 /* Frameworks */ = {
			isa = PBXFrameworksBuildPhase;
			buildActionMask = 2147483647;
			files = (
			);
			runOnlyForDeploymentPostprocessing = 0;
		};
		8A1B613C245ADAA7002ADF61 /* Frameworks */ = {
			isa = PBXFrameworksBuildPhase;
			buildActionMask = 2147483647;
			files = (
			);
			runOnlyForDeploymentPostprocessing = 0;
		};
		8A1B6147245ADAA7002ADF61 /* Frameworks */ = {
			isa = PBXFrameworksBuildPhase;
			buildActionMask = 2147483647;
			files = (
			);
			runOnlyForDeploymentPostprocessing = 0;
		};
/* End PBXFrameworksBuildPhase section */

/* Begin PBXGroup section */
		8A1B6120245ADAA3002ADF61 = {
			isa = PBXGroup;
			children = (
				8A1B612B245ADAA4002ADF61 /* IOSTutorial */,
				8A1B6142245ADAA7002ADF61 /* IOSTutorialTests */,
				8A1B614D245ADAA7002ADF61 /* IOSTutorialUITests */,
				8A1B612A245ADAA4002ADF61 /* Products */,
			);
			sourceTree = "<group>";
		};
		8A1B612A245ADAA4002ADF61 /* Products */ = {
			isa = PBXGroup;
			children = (
				8A1B6129245ADAA4002ADF61 /* IOSTutorial.app */,
				8A1B613F245ADAA7002ADF61 /* IOSTutorialTests.xctest */,
				8A1B614A245ADAA7002ADF61 /* IOSTutorialUITests.xctest */,
			);
			name = Products;
			sourceTree = "<group>";
		};
		8A1B612B245ADAA4002ADF61 /* IOSTutorial */ = {
			isa = PBXGroup;
			children = (
				8A1B612C245ADAA4002ADF61 /* AppDelegate.swift */,
				8A1B612E245ADAA4002ADF61 /* SceneDelegate.swift */,
				8A1B6130245ADAA4002ADF61 /* ContentView.swift */,
				8A1B6132245ADAA7002ADF61 /* Assets.xcassets */,
				8A1B6137245ADAA7002ADF61 /* LaunchScreen.storyboard */,
				8A1B613A245ADAA7002ADF61 /* Info.plist */,
				8A1B6134245ADAA7002ADF61 /* Preview Content */,
			);
			path = IOSTutorial;
			sourceTree = "<group>";
		};
		8A1B6134245ADAA7002ADF61 /* Preview Content */ = {
			isa = PBXGroup;
			children = (
				8A1B6135245ADAA7002ADF61 /* Preview Assets.xcassets */,
			);
			path = "Preview Content";
			sourceTree = "<group>";
		};
		8A1B6142245ADAA7002ADF61 /* IOSTutorialTests */ = {
			isa = PBXGroup;
			children = (
				8A1B6143245ADAA7002ADF61 /* IOSTutorialTests.swift */,
				8A1B6145245ADAA7002ADF61 /* Info.plist */,
			);
			path = IOSTutorialTests;
			sourceTree = "<group>";
		};
		8A1B614D245ADAA7002ADF61 /* IOSTutorialUITests */ = {
			isa = PBXGroup;
			children = (
				8A1B614E245ADAA7002ADF61 /* IOSTutorialUITests.swift */,
				8A1B6150245ADAA7002ADF61 /* Info.plist */,
			);
			path = IOSTutorialUITests;
			sourceTree = "<group>";
		};
/* End PBXGroup section */

/* Begin PBXNativeTarget section */
		8A1B6128245ADAA4002ADF61 /* IOSTutorial */ = {
			isa = PBXNativeTarget;
			buildConfigurationList = 8A1B6153245ADAA7002ADF61 /* Build configuration list for PBXNativeTarget "IOSTutorial" */;
			buildPhases = (
				8A1B6125245ADAA4002ADF61 /* Sources */,
				8A1B6126245ADAA4002ADF61 /* Frameworks */,
				8A1B6127245ADAA4002ADF61 /* Resources */,
			);
			buildRules = (
			);
			dependencies = (
			);
			name = IOSTutorial;
			productName = IOSTutorial;
			productReference = 8A1B6129245ADAA4002ADF61 /* IOSTutorial.app */;
			productType = "com.apple.product-type.application";
		};
		8A1B613E245ADAA7002ADF61 /* IOSTutorialTests */ = {
			isa = PBXNativeTarget;
			buildConfigurationList = 8A1B6156245ADAA7002ADF61 /* Build configuration list for PBXNativeTarget "IOSTutorialTests" */;
			buildPhases = (
				8A1B613B245ADAA7002ADF61 /* Sources */,
				8A1B613C245ADAA7002ADF61 /* Frameworks */,
				8A1B613D245ADAA7002ADF61 /* Resources */,
			);
			buildRules = (
			);
			dependencies = (
				8A1B6141245ADAA7002ADF61 /* PBXTargetDependency */,
			);
			name = IOSTutorialTests;
			productName = IOSTutorialTests;
			productReference = 8A1B613F245ADAA7002ADF61 /* IOSTutorialTests.xctest */;
			productType = "com.apple.product-type.bundle.unit-test";
		};
		8A1B6149245ADAA7002ADF61 /* IOSTutorialUITests */ = {
			isa = PBXNativeTarget;
			buildConfigurationList = 8A1B6159245ADAA7002ADF61 /* Build configuration list for PBXNativeTarget "IOSTutorialUITests" */;
			buildPhases = (
				8A1B6146245ADAA7002ADF61 /* Sources */,
				8A1B6147245ADAA7002ADF61 /* Frameworks */,
				8A1B6148245ADAA7002ADF61 /* Resources */,
			);
			buildRules = (
			);
			dependencies = (
				8A1B614C245ADAA7002ADF61 /* PBXTargetDependency */,
			);
			name = IOSTutorialUITests;
			productName = IOSTutorialUITests;
			productReference = 8A1B614A245ADAA7002ADF61 /* IOSTutorialUITests.xctest */;
			productType = "com.apple.product-type.bundle.ui-testing";
		};
/* End PBXNativeTarget section */

/* Begin PBXProject section */
		8A1B6121245ADAA3002ADF61 /* Project object */ = {
			isa = PBXProject;
			attributes = {
				LastSwiftUpdateCheck = 1140;
				LastUpgradeCheck = 1140;
				ORGANIZATIONNAME = "Developer Iakta";
				TargetAttributes = {
					8A1B6128245ADAA4002ADF61 = {
						CreatedOnToolsVersion = 11.4.1;
					};
					8A1B613E245ADAA7002ADF61 = {
						CreatedOnToolsVersion = 11.4.1;
						TestTargetID = 8A1B6128245ADAA4002ADF61;
					};
					8A1B6149245ADAA7002ADF61 = {
						CreatedOnToolsVersion = 11.4.1;
						TestTargetID = 8A1B6128245ADAA4002ADF61;
					};
				};
			};
			buildConfigurationList = 8A1B6124245ADAA3002ADF61 /* Build configuration list for PBXProject "IOSTutorial" */;
			compatibilityVersion = "Xcode 9.3";
			developmentRegion = en;
			hasScannedForEncodings = 0;
			knownRegions = (
				en,
				Base,
			);
			mainGroup = 8A1B6120245ADAA3002ADF61;
			productRefGroup = 8A1B612A245ADAA4002ADF61 /* Products */;
			projectDirPath = "";
			projectRoot = "";
			targets = (
				8A1B6128245ADAA4002ADF61 /* IOSTutorial */,
				8A1B613E245ADAA7002ADF61 /* IOSTutorialTests */,
				8A1B6149245ADAA7002ADF61 /* IOSTutorialUITests */,
			);
		};
/* End PBXProject section */

/* Begin PBXResourcesBuildPhase section */
		8A1B6127245ADAA4002ADF61 /* Resources */ = {
			isa = PBXResourcesBuildPhase;
			buildActionMask = 2147483647;
			files = (
				8A1B6139245ADAA7002ADF61 /* LaunchScreen.storyboard in Resources */,
				8A1B6136245ADAA7002ADF61 /* Preview Assets.xcassets in Resources */,
				8A1B6133245ADAA7002ADF61 /* Assets.xcassets in Resources */,
			);
			runOnlyForDeploymentPostprocessing = 0;
		};
		8A1B613D245ADAA7002ADF61 /* Resources */ = {
			isa = PBXResourcesBuildPhase;
			buildActionMask = 2147483647;
			files = (
			);
			runOnlyForDeploymentPostprocessing = 0;
		};
		8A1B6148245ADAA7002ADF61 /* Resources */ = {
			isa = PBXResourcesBuildPhase;
			buildActionMask = 2147483647;
			files = (
			);
			runOnlyForDeploymentPostprocessing = 0;
		};
/* End PBXResourcesBuildPhase section */

/* Begin PBXSourcesBuildPhase section */
		8A1B6125245ADAA4002ADF61 /* Sources */ = {
			isa = PBXSourcesBuildPhase;
			buildActionMask = 2147483647;
			files = (
				8A1B612D245ADAA4002ADF61 /* AppDelegate.swift in Sources */,
				8A1B612F245ADAA4002ADF61 /* SceneDelegate.swift in Sources */,
				8A1B6131245ADAA4002ADF61 /* ContentView.swift in Sources */,
			);
			runOnlyForDeploymentPostprocessing = 0;
		};
		8A1B613B245ADAA7002ADF61 /* Sources */ = {
			isa = PBXSourcesBuildPhase;
			buildActionMask = 2147483647;
			files = (
				8A1B6144245ADAA7002ADF61 /* IOSTutorialTests.swift in Sources */,
			);
			runOnlyForDeploymentPostprocessing = 0;
		};
		8A1B6146245ADAA7002ADF61 /* Sources */ = {
			isa = PBXSourcesBuildPhase;
			buildActionMask = 2147483647;
			files = (
				8A1B614F245ADAA7002ADF61 /* IOSTutorialUITests.swift in Sources */,
			);
			runOnlyForDeploymentPostprocessing = 0;
		};
/* End PBXSourcesBuildPhase section */

/* Begin PBXTargetDependency section */
		8A1B6141245ADAA7002ADF61 /* PBXTargetDependency */ = {
			isa = PBXTargetDependency;
			target = 8A1B6128245ADAA4002ADF61 /* IOSTutorial */;
			targetProxy = 8A1B6140245ADAA7002ADF61 /* PBXContainerItemProxy */;
		};
		8A1B614C245ADAA7002ADF61 /* PBXTargetDependency */ = {
			isa = PBXTargetDependency;
			target = 8A1B6128245ADAA4002ADF61 /* IOSTutorial */;
			targetProxy = 8A1B614B245ADAA7002ADF61 /* PBXContainerItemProxy */;
		};
/* End PBXTargetDependency section */

/* Begin PBXVariantGroup section */
		8A1B6137245ADAA7002ADF61 /* LaunchScreen.storyboard */ = {
			isa = PBXVariantGroup;
			children = (
				8A1B6138245ADAA7002ADF61 /* Base */,
			);
			name = LaunchScreen.storyboard;
			sourceTree = "<group>";
		};
/* End PBXVariantGroup section */

/* Begin XCBuildConfiguration section */
		8A1B6151245ADAA7002ADF61 /* Debug */ = {
			isa = XCBuildConfiguration;
			buildSettings = {
				ALWAYS_SEARCH_USER_PATHS = NO;
				CLANG_ANALYZER_NONNULL = YES;
				CLANG_ANALYZER_NUMBER_OBJECT_CONVERSION = YES_AGGRESSIVE;
				CLANG_CXX_LANGUAGE_STANDARD = "gnu++14";
				CLANG_CXX_LIBRARY = "libc++";
				CLANG_ENABLE_MODULES = YES;
				CLANG_ENABLE_OBJC_ARC = YES;
				CLANG_ENABLE_OBJC_WEAK = YES;
				CLANG_WARN_BLOCK_CAPTURE_AUTORELEASING = YES;
				CLANG_WARN_BOOL_CONVERSION = YES;
				CLANG_WARN_COMMA = YES;
				CLANG_WARN_CONSTANT_CONVERSION = YES;
				CLANG_WARN_DEPRECATED_OBJC_IMPLEMENTATIONS = YES;
				CLANG_WARN_DIRECT_OBJC_ISA_USAGE = YES_ERROR;
				CLANG_WARN_DOCUMENTATION_COMMENTS = YES;
				CLANG_WARN_EMPTY_BODY = YES;
				CLANG_WARN_ENUM_CONVERSION = YES;
				CLANG_WARN_INFINITE_RECURSION = YES;
				CLANG_WARN_INT_CONVERSION = YES;
				CLANG_WARN_NON_LITERAL_NULL_CONVERSION = YES;
				CLANG_WARN_OBJC_IMPLICIT_RETAIN_SELF = YES;
				CLANG_WARN_OBJC_LITERAL_CONVERSION = YES;
				CLANG_WARN_OBJC_ROOT_CLASS = YES_ERROR;
				CLANG_WARN_RANGE_LOOP_ANALYSIS = YES;
				CLANG_WARN_STRICT_PROTOTYPES = YES;
				CLANG_WARN_SUSPICIOUS_MOVE = YES;
				CLANG_WARN_UNGUARDED_AVAILABILITY = YES_AGGRESSIVE;
				CLANG_WARN_UNREACHABLE_CODE = YES;
				CLANG_WARN__DUPLICATE_METHOD_MATCH = YES;
				COPY_PHASE_STRIP = NO;
				DEBUG_INFORMATION_FORMAT = dwarf;
				ENABLE_STRICT_OBJC_MSGSEND = YES;
				ENABLE_TESTABILITY = YES;
				GCC_C_LANGUAGE_STANDARD = gnu11;
				GCC_DYNAMIC_NO_PIC = NO;
				GCC_NO_COMMON_BLOCKS = YES;
				GCC_OPTIMIZATION_LEVEL = 0;
				GCC_PREPROCESSOR_DEFINITIONS = (
					"DEBUG=1",
					"$(inherited)",
				);
				GCC_WARN_64_TO_32_BIT_CONVERSION = YES;
				GCC_WARN_ABOUT_RETURN_TYPE = YES_ERROR;
				GCC_WARN_UNDECLARED_SELECTOR = YES;
				GCC_WARN_UNINITIALIZED_AUTOS = YES_AGGRESSIVE;
				GCC_WARN_UNUSED_FUNCTION = YES;
				GCC_WARN_UNUSED_VARIABLE = YES;
				IPHONEOS_DEPLOYMENT_TARGET = 13.4;
				MTL_ENABLE_DEBUG_INFO = INCLUDE_SOURCE;
				MTL_FAST_MATH = YES;
				ONLY_ACTIVE_ARCH = YES;
				SDKROOT = iphoneos;
				SWIFT_ACTIVE_COMPILATION_CONDITIONS = DEBUG;
				SWIFT_OPTIMIZATION_LEVEL = "-Onone";
			};
			name = Debug;
		};
		8A1B6152245ADAA7002ADF61 /* Release */ = {
			isa = XCBuildConfiguration;
			buildSettings = {
				ALWAYS_SEARCH_USER_PATHS = NO;
				CLANG_ANALYZER_NONNULL = YES;
				CLANG_ANALYZER_NUMBER_OBJECT_CONVERSION = YES_AGGRESSIVE;
				CLANG_CXX_LANGUAGE_STANDARD = "gnu++14";
				CLANG_CXX_LIBRARY = "libc++";
				CLANG_ENABLE_MODULES = YES;
				CLANG_ENABLE_OBJC_ARC = YES;
				CLANG_ENABLE_OBJC_WEAK = YES;
				CLANG_WARN_BLOCK_CAPTURE_AUTORELEASING = YES;
				CLANG_WARN_BOOL_CONVERSION = YES;
				CLANG_WARN_COMMA = YES;
				CLANG_WARN_CONSTANT_CONVERSION = YES;
				CLANG_WARN_DEPRECATED_OBJC_IMPLEMENTATIONS = YES;
				CLANG_WARN_DIRECT_OBJC_ISA_USAGE = YES_ERROR;
				CLANG_WARN_DOCUMENTATION_COMMENTS = YES;
				CLANG_WARN_EMPTY_BODY = YES;
				CLANG_WARN_ENUM_CONVERSION = YES;
				CLANG_WARN_INFINITE_RECURSION = YES;
				CLANG_WARN_INT_CONVERSION = YES;
				CLANG_WARN_NON_LITERAL_NULL_CONVERSION = YES;
				CLANG_WARN_OBJC_IMPLICIT_RETAIN_SELF = YES;
				CLANG_WARN_OBJC_LITERAL_CONVERSION = YES;
				CLANG_WARN_OBJC_ROOT_CLASS = YES_ERROR;
				CLANG_WARN_RANGE_LOOP_ANALYSIS = YES;
				CLANG_WARN_STRICT_PROTOTYPES = YES;
				CLANG_WARN_SUSPICIOUS_MOVE = YES;
				CLANG_WARN_UNGUARDED_AVAILABILITY = YES_AGGRESSIVE;
				CLANG_WARN_UNREACHABLE_CODE = YES;
				CLANG_WARN__DUPLICATE_METHOD_MATCH = YES;
				COPY_PHASE_STRIP = NO;
				DEBUG_INFORMATION_FORMAT = "dwarf-with-dsym";
				ENABLE_NS_ASSERTIONS = NO;
				ENABLE_STRICT_OBJC_MSGSEND = YES;
				GCC_C_LANGUAGE_STANDARD = gnu11;
				GCC_NO_COMMON_BLOCKS = YES;
				GCC_WARN_64_TO_32_BIT_CONVERSION = YES;
				GCC_WARN_ABOUT_RETURN_TYPE = YES_ERROR;
				GCC_WARN_UNDECLARED_SELECTOR = YES;
				GCC_WARN_UNINITIALIZED_AUTOS = YES_AGGRESSIVE;
				GCC_WARN_UNUSED_FUNCTION = YES;
				GCC_WARN_UNUSED_VARIABLE = YES;
				IPHONEOS_DEPLOYMENT_TARGET = 13.4;
				MTL_ENABLE_DEBUG_INFO = NO;
				MTL_FAST_MATH = YES;
				SDKROOT = iphoneos;
				SWIFT_COMPILATION_MODE = wholemodule;
				SWIFT_OPTIMIZATION_LEVEL = "-O";
				VALIDATE_PRODUCT = YES;
			};
			name = Release;
		};
		8A1B6154245ADAA7002ADF61 /* Debug */ = {
			isa = XCBuildConfiguration;
			buildSettings = {
				ASSETCATALOG_COMPILER_APPICON_NAME = AppIcon;
				CODE_SIGN_STYLE = Automatic;
				DEVELOPMENT_ASSET_PATHS = "\"IOSTutorial/Preview Content\"";
				ENABLE_PREVIEWS = YES;
				INFOPLIST_FILE = IOSTutorial/Info.plist;
				LD_RUNPATH_SEARCH_PATHS = (
					"$(inherited)",
					"@executable_path/Frameworks",
				);
				PRODUCT_BUNDLE_IDENTIFIER = com.zayat.IOSTutorial;
				PRODUCT_NAME = "$(TARGET_NAME)";
				SWIFT_VERSION = 5.0;
				TARGETED_DEVICE_FAMILY = "1,2";
			};
			name = Debug;
		};
		8A1B6155245ADAA7002ADF61 /* Release */ = {
			isa = XCBuildConfiguration;
			buildSettings = {
				ASSETCATALOG_COMPILER_APPICON_NAME = AppIcon;
				CODE_SIGN_STYLE = Automatic;
				DEVELOPMENT_ASSET_PATHS = "\"IOSTutorial/Preview Content\"";
				ENABLE_PREVIEWS = YES;
				INFOPLIST_FILE = IOSTutorial/Info.plist;
				LD_RUNPATH_SEARCH_PATHS = (
					"$(inherited)",
					"@executable_path/Frameworks",
				);
				PRODUCT_BUNDLE_IDENTIFIER = com.zayat.IOSTutorial;
				PRODUCT_NAME = "$(TARGET_NAME)";
				SWIFT_VERSION = 5.0;
				TARGETED_DEVICE_FAMILY = "1,2";
			};
			name = Release;
		};
		8A1B6157245ADAA7002ADF61 /* Debug */ = {
			isa = XCBuildConfiguration;
			buildSettings = {
				ALWAYS_EMBED_SWIFT_STANDARD_LIBRARIES = YES;
				BUNDLE_LOADER = "$(TEST_HOST)";
				CODE_SIGN_STYLE = Automatic;
				INFOPLIST_FILE = IOSTutorialTests/Info.plist;
				IPHONEOS_DEPLOYMENT_TARGET = 13.4;
				LD_RUNPATH_SEARCH_PATHS = (
					"$(inherited)",
					"@executable_path/Frameworks",
					"@loader_path/Frameworks",
				);
				PRODUCT_BUNDLE_IDENTIFIER = com.zayat.IOSTutorialTests;
				PRODUCT_NAME = "$(TARGET_NAME)";
				SWIFT_VERSION = 5.0;
				TARGETED_DEVICE_FAMILY = "1,2";
				TEST_HOST = "$(BUILT_PRODUCTS_DIR)/IOSTutorial.app/IOSTutorial";
			};
			name = Debug;
		};
		8A1B6158245ADAA7002ADF61 /* Release */ = {
			isa = XCBuildConfiguration;
			buildSettings = {
				ALWAYS_EMBED_SWIFT_STANDARD_LIBRARIES = YES;
				BUNDLE_LOADER = "$(TEST_HOST)";
				CODE_SIGN_STYLE = Automatic;
				INFOPLIST_FILE = IOSTutorialTests/Info.plist;
				IPHONEOS_DEPLOYMENT_TARGET = 13.4;
				LD_RUNPATH_SEARCH_PATHS = (
					"$(inherited)",
					"@executable_path/Frameworks",
					"@loader_path/Frameworks",
				);
				PRODUCT_BUNDLE_IDENTIFIER = com.zayat.IOSTutorialTests;
				PRODUCT_NAME = "$(TARGET_NAME)";
				SWIFT_VERSION = 5.0;
				TARGETED_DEVICE_FAMILY = "1,2";
				TEST_HOST = "$(BUILT_PRODUCTS_DIR)/IOSTutorial.app/IOSTutorial";
			};
			name = Release;
		};
		8A1B615A245ADAA7002ADF61 /* Debug */ = {
			isa = XCBuildConfiguration;
			buildSettings = {
				ALWAYS_EMBED_SWIFT_STANDARD_LIBRARIES = YES;
				CODE_SIGN_STYLE = Automatic;
				INFOPLIST_FILE = IOSTutorialUITests/Info.plist;
				LD_RUNPATH_SEARCH_PATHS = (
					"$(inherited)",
					"@executable_path/Frameworks",
					"@loader_path/Frameworks",
				);
				PRODUCT_BUNDLE_IDENTIFIER = com.zayat.IOSTutorialUITests;
				PRODUCT_NAME = "$(TARGET_NAME)";
				SWIFT_VERSION = 5.0;
				TARGETED_DEVICE_FAMILY = "1,2";
				TEST_TARGET_NAME = IOSTutorial;
			};
			name = Debug;
		};
		8A1B615B245ADAA7002ADF61 /* Release */ = {
			isa = XCBuildConfiguration;
			buildSettings = {
				ALWAYS_EMBED_SWIFT_STANDARD_LIBRARIES = YES;
				CODE_SIGN_STYLE = Automatic;
				INFOPLIST_FILE = IOSTutorialUITests/Info.plist;
				LD_RUNPATH_SEARCH_PATHS = (
					"$(inherited)",
					"@executable_path/Frameworks",
					"@loader_path/Frameworks",
				);
				PRODUCT_BUNDLE_IDENTIFIER = com.zayat.IOSTutorialUITests;
				PRODUCT_NAME = "$(TARGET_NAME)";
				SWIFT_VERSION = 5.0;
				TARGETED_DEVICE_FAMILY = "1,2";
				TEST_TARGET_NAME = IOSTutorial;
			};
			name = Release;
		};
/* End XCBuildConfiguration section */

/* Begin XCConfigurationList section */
		8A1B6124245ADAA3002ADF61 /* Build configuration list for PBXProject "IOSTutorial" */ = {
			isa = XCConfigurationList;
			buildConfigurations = (
				8A1B6151245ADAA7002ADF61 /* Debug */,
				8A1B6152245ADAA7002ADF61 /* Release */,
			);
			defaultConfigurationIsVisible = 0;
			defaultConfigurationName = Release;
		};
		8A1B6153245ADAA7002ADF61 /* Build configuration list for PBXNativeTarget "IOSTutorial" */ = {
			isa = XCConfigurationList;
			buildConfigurations = (
				8A1B6154245ADAA7002ADF61 /* Debug */,
				8A1B6155245ADAA7002ADF61 /* Release */,
			);
			defaultConfigurationIsVisible = 0;
			defaultConfigurationName = Release;
		};
		8A1B6156245ADAA7002ADF61 /* Build configuration list for PBXNativeTarget "IOSTutorialTests" */ = {
			isa = XCConfigurationList;
			buildConfigurations = (
				8A1B6157245ADAA7002ADF61 /* Debug */,
				8A1B6158245ADAA7002ADF61 /* Release */,
			);
			defaultConfigurationIsVisible = 0;
			defaultConfigurationName = Release;
		};
		8A1B6159245ADAA7002ADF61 /* Build configuration list for PBXNativeTarget "IOSTutorialUITests" */ = {
			isa = XCConfigurationList;
			buildConfigurations = (
				8A1B615A245ADAA7002ADF61 /* Debug */,
				8A1B615B245ADAA7002ADF61 /* Release */,
			);
			defaultConfigurationIsVisible = 0;
			defaultConfigurationName = Release;
		};
/* End XCConfigurationList section */
	};
	rootObject = 8A1B6121245ADAA3002ADF61 /* Project object */;
}
