// !$*UTF8*$!
{
	archiveVersion = 1;
	classes = {
	};
	objectVersion = 50;
	objects = {

/* Begin PBXBuildFile section */
		8A1B6169245AE3EC002ADF61 /* AppDelegate.swift in Sources */ = {isa = PBXBuildFile; fileRef = 8A1B6168245AE3EC002ADF61 /* AppDelegate.swift */; };
		8A1B616B245AE3EC002ADF61 /* SceneDelegate.swift in Sources */ = {isa = PBXBuildFile; fileRef = 8A1B616A245AE3EC002ADF61 /* SceneDelegate.swift */; };
		8A1B616D245AE3EC002ADF61 /* ViewController.swift in Sources */ = {isa = PBXBuildFile; fileRef = 8A1B616C245AE3EC002ADF61 /* ViewController.swift */; };
		8A1B6170245AE3EC002ADF61 /* Main.storyboard in Resources */ = {isa = PBXBuildFile; fileRef = 8A1B616E245AE3EC002ADF61 /* Main.storyboard */; };
		8A1B6172245AE3EE002ADF61 /* Assets.xcassets in Resources */ = {isa = PBXBuildFile; fileRef = 8A1B6171245AE3EE002ADF61 /* Assets.xcassets */; };
		8A1B6175245AE3EE002ADF61 /* LaunchScreen.storyboard in Resources */ = {isa = PBXBuildFile; fileRef = 8A1B6173245AE3EE002ADF61 /* LaunchScreen.storyboard */; };
		8A1B6180245AE3EE002ADF61 /* IosTutorialTests.swift in Sources */ = {isa = PBXBuildFile; fileRef = 8A1B617F245AE3EE002ADF61 /* IosTutorialTests.swift */; };
		8A1B618B245AE3EE002ADF61 /* IosTutorialUITests.swift in Sources */ = {isa = PBXBuildFile; fileRef = 8A1B618A245AE3EE002ADF61 /* IosTutorialUITests.swift */; };
		8A1B6199245B1CB6002ADF61 /* AddContactVC.swift in Sources */ = {isa = PBXBuildFile; fileRef = 8A1B6198245B1CB6002ADF61 /* AddContactVC.swift */; };
		8A651E57245FFA7D00403CF5 /* DbHelper.swift in Sources */ = {isa = PBXBuildFile; fileRef = 8A651E56245FFA7D00403CF5 /* DbHelper.swift */; };
		8A651E592460016200403CF5 /* Contact.swift in Sources */ = {isa = PBXBuildFile; fileRef = 8A651E582460016200403CF5 /* Contact.swift */; };
		8A651E5B2460552C00403CF5 /* ReadApiVC.swift in Sources */ = {isa = PBXBuildFile; fileRef = 8A651E5A2460552C00403CF5 /* ReadApiVC.swift */; };
/* End PBXBuildFile section */

/* Begin PBXContainerItemProxy section */
		8A1B617C245AE3EE002ADF61 /* PBXContainerItemProxy */ = {
			isa = PBXContainerItemProxy;
			containerPortal = 8A1B615D245AE3EC002ADF61 /* Project object */;
			proxyType = 1;
			remoteGlobalIDString = 8A1B6164245AE3EC002ADF61;
			remoteInfo = IosTutorial;
		};
		8A1B6187245AE3EE002ADF61 /* PBXContainerItemProxy */ = {
			isa = PBXContainerItemProxy;
			containerPortal = 8A1B615D245AE3EC002ADF61 /* Project object */;
			proxyType = 1;
			remoteGlobalIDString = 8A1B6164245AE3EC002ADF61;
			remoteInfo = IosTutorial;
		};
/* End PBXContainerItemProxy section */

/* Begin PBXFileReference section */
		8A1B6165245AE3EC002ADF61 /* IosTutorial.app */ = {isa = PBXFileReference; explicitFileType = wrapper.application; includeInIndex = 0; path = IosTutorial.app; sourceTree = BUILT_PRODUCTS_DIR; };
		8A1B6168245AE3EC002ADF61 /* AppDelegate.swift */ = {isa = PBXFileReference; lastKnownFileType = sourcecode.swift; path = AppDelegate.swift; sourceTree = "<group>"; };
		8A1B616A245AE3EC002ADF61 /* SceneDelegate.swift */ = {isa = PBXFileReference; lastKnownFileType = sourcecode.swift; path = SceneDelegate.swift; sourceTree = "<group>"; };
		8A1B616C245AE3EC002ADF61 /* ViewController.swift */ = {isa = PBXFileReference; lastKnownFileType = sourcecode.swift; path = ViewController.swift; sourceTree = "<group>"; };
		8A1B616F245AE3EC002ADF61 /* Base */ = {isa = PBXFileReference; lastKnownFileType = file.storyboard; name = Base; path = Base.lproj/Main.storyboard; sourceTree = "<group>"; };
		8A1B6171245AE3EE002ADF61 /* Assets.xcassets */ = {isa = PBXFileReference; lastKnownFileType = folder.assetcatalog; path = Assets.xcassets; sourceTree = "<group>"; };
		8A1B6174245AE3EE002ADF61 /* Base */ = {isa = PBXFileReference; lastKnownFileType = file.storyboard; name = Base; path = Base.lproj/LaunchScreen.storyboard; sourceTree = "<group>"; };
		8A1B6176245AE3EE002ADF61 /* Info.plist */ = {isa = PBXFileReference; lastKnownFileType = text.plist.xml; path = Info.plist; sourceTree = "<group>"; };
		8A1B617B245AE3EE002ADF61 /* IosTutorialTests.xctest */ = {isa = PBXFileReference; explicitFileType = wrapper.cfbundle; includeInIndex = 0; path = IosTutorialTests.xctest; sourceTree = BUILT_PRODUCTS_DIR; };
		8A1B617F245AE3EE002ADF61 /* IosTutorialTests.swift */ = {isa = PBXFileReference; lastKnownFileType = sourcecode.swift; path = IosTutorialTests.swift; sourceTree = "<group>"; };
		8A1B6181245AE3EE002ADF61 /* Info.plist */ = {isa = PBXFileReference; lastKnownFileType = text.plist.xml; path = Info.plist; sourceTree = "<group>"; };
		8A1B6186245AE3EE002ADF61 /* IosTutorialUITests.xctest */ = {isa = PBXFileReference; explicitFileType = wrapper.cfbundle; includeInIndex = 0; path = IosTutorialUITests.xctest; sourceTree = BUILT_PRODUCTS_DIR; };
		8A1B618A245AE3EE002ADF61 /* IosTutorialUITests.swift */ = {isa = PBXFileReference; lastKnownFileType = sourcecode.swift; path = IosTutorialUITests.swift; sourceTree = "<group>"; };
		8A1B618C245AE3EE002ADF61 /* Info.plist */ = {isa = PBXFileReference; lastKnownFileType = text.plist.xml; path = Info.plist; sourceTree = "<group>"; };
		8A1B6198245B1CB6002ADF61 /* AddContactVC.swift */ = {isa = PBXFileReference; lastKnownFileType = sourcecode.swift; path = AddContactVC.swift; sourceTree = "<group>"; };
		8A651E56245FFA7D00403CF5 /* DbHelper.swift */ = {isa = PBXFileReference; lastKnownFileType = sourcecode.swift; path = DbHelper.swift; sourceTree = "<group>"; };
		8A651E582460016200403CF5 /* Contact.swift */ = {isa = PBXFileReference; lastKnownFileType = sourcecode.swift; path = Contact.swift; sourceTree = "<group>"; };
		8A651E5A2460552C00403CF5 /* ReadApiVC.swift */ = {isa = PBXFileReference; lastKnownFileType = sourcecode.swift; path = ReadApiVC.swift; sourceTree = "<group>"; };
/* End PBXFileReference section */

/* Begin PBXFrameworksBuildPhase section */
		8A1B6162245AE3EC002ADF61 /* Frameworks */ = {
			isa = PBXFrameworksBuildPhase;
			buildActionMask = 2147483647;
			files = (
			);
			runOnlyForDeploymentPostprocessing = 0;
		};
		8A1B6178245AE3EE002ADF61 /* Frameworks */ = {
			isa = PBXFrameworksBuildPhase;
			buildActionMask = 2147483647;
			files = (
			);
			runOnlyForDeploymentPostprocessing = 0;
		};
		8A1B6183245AE3EE002ADF61 /* Frameworks */ = {
			isa = PBXFrameworksBuildPhase;
			buildActionMask = 2147483647;
			files = (
			);
			runOnlyForDeploymentPostprocessing = 0;
		};
/* End PBXFrameworksBuildPhase section */

/* Begin PBXGroup section */
		8A1B615C245AE3EC002ADF61 = {
			isa = PBXGroup;
			children = (
				8A1B6167245AE3EC002ADF61 /* IosTutorial */,
				8A1B617E245AE3EE002ADF61 /* IosTutorialTests */,
				8A1B6189245AE3EE002ADF61 /* IosTutorialUITests */,
				8A1B6166245AE3EC002ADF61 /* Products */,
			);
			sourceTree = "<group>";
		};
		8A1B6166245AE3EC002ADF61 /* Products */ = {
			isa = PBXGroup;
			children = (
				8A1B6165245AE3EC002ADF61 /* IosTutorial.app */,
				8A1B617B245AE3EE002ADF61 /* IosTutorialTests.xctest */,
				8A1B6186245AE3EE002ADF61 /* IosTutorialUITests.xctest */,
			);
			name = Products;
			sourceTree = "<group>";
		};
		8A1B6167245AE3EC002ADF61 /* IosTutorial */ = {
			isa = PBXGroup;
			children = (
				8A1B6168245AE3EC002ADF61 /* AppDelegate.swift */,
				8A1B616A245AE3EC002ADF61 /* SceneDelegate.swift */,
				8A1B616C245AE3EC002ADF61 /* ViewController.swift */,
				8A1B616E245AE3EC002ADF61 /* Main.storyboard */,
				8A1B6171245AE3EE002ADF61 /* Assets.xcassets */,
				8A1B6173245AE3EE002ADF61 /* LaunchScreen.storyboard */,
				8A1B6176245AE3EE002ADF61 /* Info.plist */,
				8A1B6198245B1CB6002ADF61 /* AddContactVC.swift */,
				8A651E56245FFA7D00403CF5 /* DbHelper.swift */,
				8A651E582460016200403CF5 /* Contact.swift */,
				8A651E5A2460552C00403CF5 /* ReadApiVC.swift */,
			);
			path = IosTutorial;
			sourceTree = "<group>";
		};
		8A1B617E245AE3EE002ADF61 /* IosTutorialTests */ = {
			isa = PBXGroup;
			children = (
				8A1B617F245AE3EE002ADF61 /* IosTutorialTests.swift */,
				8A1B6181245AE3EE002ADF61 /* Info.plist */,
			);
			path = IosTutorialTests;
			sourceTree = "<group>";
		};
		8A1B6189245AE3EE002ADF61 /* IosTutorialUITests */ = {
			isa = PBXGroup;
			children = (
				8A1B618A245AE3EE002ADF61 /* IosTutorialUITests.swift */,
				8A1B618C245AE3EE002ADF61 /* Info.plist */,
			);
			path = IosTutorialUITests;
			sourceTree = "<group>";
		};
/* End PBXGroup section */

/* Begin PBXNativeTarget section */
		8A1B6164245AE3EC002ADF61 /* IosTutorial */ = {
			isa = PBXNativeTarget;
			buildConfigurationList = 8A1B618F245AE3EE002ADF61 /* Build configuration list for PBXNativeTarget "IosTutorial" */;
			buildPhases = (
				8A1B6161245AE3EC002ADF61 /* Sources */,
				8A1B6162245AE3EC002ADF61 /* Frameworks */,
				8A1B6163245AE3EC002ADF61 /* Resources */,
			);
			buildRules = (
			);
			dependencies = (
			);
			name = IosTutorial;
			productName = IosTutorial;
			productReference = 8A1B6165245AE3EC002ADF61 /* IosTutorial.app */;
			productType = "com.apple.product-type.application";
		};
		8A1B617A245AE3EE002ADF61 /* IosTutorialTests */ = {
			isa = PBXNativeTarget;
			buildConfigurationList = 8A1B6192245AE3EE002ADF61 /* Build configuration list for PBXNativeTarget "IosTutorialTests" */;
			buildPhases = (
				8A1B6177245AE3EE002ADF61 /* Sources */,
				8A1B6178245AE3EE002ADF61 /* Frameworks */,
				8A1B6179245AE3EE002ADF61 /* Resources */,
			);
			buildRules = (
			);
			dependencies = (
				8A1B617D245AE3EE002ADF61 /* PBXTargetDependency */,
			);
			name = IosTutorialTests;
			productName = IosTutorialTests;
			productReference = 8A1B617B245AE3EE002ADF61 /* IosTutorialTests.xctest */;
			productType = "com.apple.product-type.bundle.unit-test";
		};
		8A1B6185245AE3EE002ADF61 /* IosTutorialUITests */ = {
			isa = PBXNativeTarget;
			buildConfigurationList = 8A1B6195245AE3EE002ADF61 /* Build configuration list for PBXNativeTarget "IosTutorialUITests" */;
			buildPhases = (
				8A1B6182245AE3EE002ADF61 /* Sources */,
				8A1B6183245AE3EE002ADF61 /* Frameworks */,
				8A1B6184245AE3EE002ADF61 /* Resources */,
			);
			buildRules = (
			);
			dependencies = (
				8A1B6188245AE3EE002ADF61 /* PBXTargetDependency */,
			);
			name = IosTutorialUITests;
			productName = IosTutorialUITests;
			productReference = 8A1B6186245AE3EE002ADF61 /* IosTutorialUITests.xctest */;
			productType = "com.apple.product-type.bundle.ui-testing";
		};
/* End PBXNativeTarget section */

/* Begin PBXProject section */
		8A1B615D245AE3EC002ADF61 /* Project object */ = {
			isa = PBXProject;
			attributes = {
				LastSwiftUpdateCheck = 1140;
				LastUpgradeCheck = 1140;
				ORGANIZATIONNAME = "Developer Iakta";
				TargetAttributes = {
					8A1B6164245AE3EC002ADF61 = {
						CreatedOnToolsVersion = 11.4.1;
					};
					8A1B617A245AE3EE002ADF61 = {
						CreatedOnToolsVersion = 11.4.1;
						TestTargetID = 8A1B6164245AE3EC002ADF61;
					};
					8A1B6185245AE3EE002ADF61 = {
						CreatedOnToolsVersion = 11.4.1;
						TestTargetID = 8A1B6164245AE3EC002ADF61;
					};
				};
			};
			buildConfigurationList = 8A1B6160245AE3EC002ADF61 /* Build configuration list for PBXProject "IosTutorial" */;
			compatibilityVersion = "Xcode 9.3";
			developmentRegion = en;
			hasScannedForEncodings = 0;
			knownRegions = (
				en,
				Base,
			);
			mainGroup = 8A1B615C245AE3EC002ADF61;
			productRefGroup = 8A1B6166245AE3EC002ADF61 /* Products */;
			projectDirPath = "";
			projectRoot = "";
			targets = (
				8A1B6164245AE3EC002ADF61 /* IosTutorial */,
				8A1B617A245AE3EE002ADF61 /* IosTutorialTests */,
				8A1B6185245AE3EE002ADF61 /* IosTutorialUITests */,
			);
		};
/* End PBXProject section */

/* Begin PBXResourcesBuildPhase section */
		8A1B6163245AE3EC002ADF61 /* Resources */ = {
			isa = PBXResourcesBuildPhase;
			buildActionMask = 2147483647;
			files = (
				8A1B6175245AE3EE002ADF61 /* LaunchScreen.storyboard in Resources */,
				8A1B6172245AE3EE002ADF61 /* Assets.xcassets in Resources */,
				8A1B6170245AE3EC002ADF61 /* Main.storyboard in Resources */,
			);
			runOnlyForDeploymentPostprocessing = 0;
		};
		8A1B6179245AE3EE002ADF61 /* Resources */ = {
			isa = PBXResourcesBuildPhase;
			buildActionMask = 2147483647;
			files = (
			);
			runOnlyForDeploymentPostprocessing = 0;
		};
		8A1B6184245AE3EE002ADF61 /* Resources */ = {
			isa = PBXResourcesBuildPhase;
			buildActionMask = 2147483647;
			files = (
			);
			runOnlyForDeploymentPostprocessing = 0;
		};
/* End PBXResourcesBuildPhase section */

/* Begin PBXSourcesBuildPhase section */
		8A1B6161245AE3EC002ADF61 /* Sources */ = {
			isa = PBXSourcesBuildPhase;
			buildActionMask = 2147483647;
			files = (
				8A651E592460016200403CF5 /* Contact.swift in Sources */,
				8A1B616D245AE3EC002ADF61 /* ViewController.swift in Sources */,
				8A1B6169245AE3EC002ADF61 /* AppDelegate.swift in Sources */,
				8A1B616B245AE3EC002ADF61 /* SceneDelegate.swift in Sources */,
				8A651E57245FFA7D00403CF5 /* DbHelper.swift in Sources */,
				8A1B6199245B1CB6002ADF61 /* AddContactVC.swift in Sources */,
				8A651E5B2460552C00403CF5 /* ReadApiVC.swift in Sources */,
			);
			runOnlyForDeploymentPostprocessing = 0;
		};
		8A1B6177245AE3EE002ADF61 /* Sources */ = {
			isa = PBXSourcesBuildPhase;
			buildActionMask = 2147483647;
			files = (
				8A1B6180245AE3EE002ADF61 /* IosTutorialTests.swift in Sources */,
			);
			runOnlyForDeploymentPostprocessing = 0;
		};
		8A1B6182245AE3EE002ADF61 /* Sources */ = {
			isa = PBXSourcesBuildPhase;
			buildActionMask = 2147483647;
			files = (
				8A1B618B245AE3EE002ADF61 /* IosTutorialUITests.swift in Sources */,
			);
			runOnlyForDeploymentPostprocessing = 0;
		};
/* End PBXSourcesBuildPhase section */

/* Begin PBXTargetDependency section */
		8A1B617D245AE3EE002ADF61 /* PBXTargetDependency */ = {
			isa = PBXTargetDependency;
			target = 8A1B6164245AE3EC002ADF61 /* IosTutorial */;
			targetProxy = 8A1B617C245AE3EE002ADF61 /* PBXContainerItemProxy */;
		};
		8A1B6188245AE3EE002ADF61 /* PBXTargetDependency */ = {
			isa = PBXTargetDependency;
			target = 8A1B6164245AE3EC002ADF61 /* IosTutorial */;
			targetProxy = 8A1B6187245AE3EE002ADF61 /* PBXContainerItemProxy */;
		};
/* End PBXTargetDependency section */

/* Begin PBXVariantGroup section */
		8A1B616E245AE3EC002ADF61 /* Main.storyboard */ = {
			isa = PBXVariantGroup;
			children = (
				8A1B616F245AE3EC002ADF61 /* Base */,
			);
			name = Main.storyboard;
			sourceTree = "<group>";
		};
		8A1B6173245AE3EE002ADF61 /* LaunchScreen.storyboard */ = {
			isa = PBXVariantGroup;
			children = (
				8A1B6174245AE3EE002ADF61 /* Base */,
			);
			name = LaunchScreen.storyboard;
			sourceTree = "<group>";
		};
/* End PBXVariantGroup section */

/* Begin XCBuildConfiguration section */
		8A1B618D245AE3EE002ADF61 /* Debug */ = {
			isa = XCBuildConfiguration;
			buildSettings = {
				ALWAYS_SEARCH_USER_PATHS = NO;
				CLANG_ANALYZER_NONNULL = YES;
				CLANG_ANALYZER_NUMBER_OBJECT_CONVERSION = YES_AGGRESSIVE;
				CLANG_CXX_LANGUAGE_STANDARD = "gnu++14";
				CLANG_CXX_LIBRARY = "libc++";
				CLANG_ENABLE_MODULES = YES;
				CLANG_ENABLE_OBJC_ARC = YES;
				CLANG_ENABLE_OBJC_WEAK = YES;
				CLANG_WARN_BLOCK_CAPTURE_AUTORELEASING = YES;
				CLANG_WARN_BOOL_CONVERSION = YES;
				CLANG_WARN_COMMA = YES;
				CLANG_WARN_CONSTANT_CONVERSION = YES;
				CLANG_WARN_DEPRECATED_OBJC_IMPLEMENTATIONS = YES;
				CLANG_WARN_DIRECT_OBJC_ISA_USAGE = YES_ERROR;
				CLANG_WARN_DOCUMENTATION_COMMENTS = YES;
				CLANG_WARN_EMPTY_BODY = YES;
				CLANG_WARN_ENUM_CONVERSION = YES;
				CLANG_WARN_INFINITE_RECURSION = YES;
				CLANG_WARN_INT_CONVERSION = YES;
				CLANG_WARN_NON_LITERAL_NULL_CONVERSION = YES;
				CLANG_WARN_OBJC_IMPLICIT_RETAIN_SELF = YES;
				CLANG_WARN_OBJC_LITERAL_CONVERSION = YES;
				CLANG_WARN_OBJC_ROOT_CLASS = YES_ERROR;
				CLANG_WARN_RANGE_LOOP_ANALYSIS = YES;
				CLANG_WARN_STRICT_PROTOTYPES = YES;
				CLANG_WARN_SUSPICIOUS_MOVE = YES;
				CLANG_WARN_UNGUARDED_AVAILABILITY = YES_AGGRESSIVE;
				CLANG_WARN_UNREACHABLE_CODE = YES;
				CLANG_WARN__DUPLICATE_METHOD_MATCH = YES;
				COPY_PHASE_STRIP = NO;
				DEBUG_INFORMATION_FORMAT = dwarf;
				ENABLE_STRICT_OBJC_MSGSEND = YES;
				ENABLE_TESTABILITY = YES;
				GCC_C_LANGUAGE_STANDARD = gnu11;
				GCC_DYNAMIC_NO_PIC = NO;
				GCC_NO_COMMON_BLOCKS = YES;
				GCC_OPTIMIZATION_LEVEL = 0;
				GCC_PREPROCESSOR_DEFINITIONS = (
					"DEBUG=1",
					"$(inherited)",
				);
				GCC_WARN_64_TO_32_BIT_CONVERSION = YES;
				GCC_WARN_ABOUT_RETURN_TYPE = YES_ERROR;
				GCC_WARN_UNDECLARED_SELECTOR = YES;
				GCC_WARN_UNINITIALIZED_AUTOS = YES_AGGRESSIVE;
				GCC_WARN_UNUSED_FUNCTION = YES;
				GCC_WARN_UNUSED_VARIABLE = YES;
				IPHONEOS_DEPLOYMENT_TARGET = 13.4;
				MTL_ENABLE_DEBUG_INFO = INCLUDE_SOURCE;
				MTL_FAST_MATH = YES;
				ONLY_ACTIVE_ARCH = YES;
				SDKROOT = iphoneos;
				SWIFT_ACTIVE_COMPILATION_CONDITIONS = DEBUG;
				SWIFT_OPTIMIZATION_LEVEL = "-Onone";
			};
			name = Debug;
		};
		8A1B618E245AE3EE002ADF61 /* Release */ = {
			isa = XCBuildConfiguration;
			buildSettings = {
				ALWAYS_SEARCH_USER_PATHS = NO;
				CLANG_ANALYZER_NONNULL = YES;
				CLANG_ANALYZER_NUMBER_OBJECT_CONVERSION = YES_AGGRESSIVE;
				CLANG_CXX_LANGUAGE_STANDARD = "gnu++14";
				CLANG_CXX_LIBRARY = "libc++";
				CLANG_ENABLE_MODULES = YES;
				CLANG_ENABLE_OBJC_ARC = YES;
				CLANG_ENABLE_OBJC_WEAK = YES;
				CLANG_WARN_BLOCK_CAPTURE_AUTORELEASING = YES;
				CLANG_WARN_BOOL_CONVERSION = YES;
				CLANG_WARN_COMMA = YES;
				CLANG_WARN_CONSTANT_CONVERSION = YES;
				CLANG_WARN_DEPRECATED_OBJC_IMPLEMENTATIONS = YES;
				CLANG_WARN_DIRECT_OBJC_ISA_USAGE = YES_ERROR;
				CLANG_WARN_DOCUMENTATION_COMMENTS = YES;
				CLANG_WARN_EMPTY_BODY = YES;
				CLANG_WARN_ENUM_CONVERSION = YES;
				CLANG_WARN_INFINITE_RECURSION = YES;
				CLANG_WARN_INT_CONVERSION = YES;
				CLANG_WARN_NON_LITERAL_NULL_CONVERSION = YES;
				CLANG_WARN_OBJC_IMPLICIT_RETAIN_SELF = YES;
				CLANG_WARN_OBJC_LITERAL_CONVERSION = YES;
				CLANG_WARN_OBJC_ROOT_CLASS = YES_ERROR;
				CLANG_WARN_RANGE_LOOP_ANALYSIS = YES;
				CLANG_WARN_STRICT_PROTOTYPES = YES;
				CLANG_WARN_SUSPICIOUS_MOVE = YES;
				CLANG_WARN_UNGUARDED_AVAILABILITY = YES_AGGRESSIVE;
				CLANG_WARN_UNREACHABLE_CODE = YES;
				CLANG_WARN__DUPLICATE_METHOD_MATCH = YES;
				COPY_PHASE_STRIP = NO;
				DEBUG_INFORMATION_FORMAT = "dwarf-with-dsym";
				ENABLE_NS_ASSERTIONS = NO;
				ENABLE_STRICT_OBJC_MSGSEND = YES;
				GCC_C_LANGUAGE_STANDARD = gnu11;
				GCC_NO_COMMON_BLOCKS = YES;
				GCC_WARN_64_TO_32_BIT_CONVERSION = YES;
				GCC_WARN_ABOUT_RETURN_TYPE = YES_ERROR;
				GCC_WARN_UNDECLARED_SELECTOR = YES;
				GCC_WARN_UNINITIALIZED_AUTOS = YES_AGGRESSIVE;
				GCC_WARN_UNUSED_FUNCTION = YES;
				GCC_WARN_UNUSED_VARIABLE = YES;
				IPHONEOS_DEPLOYMENT_TARGET = 13.4;
				MTL_ENABLE_DEBUG_INFO = NO;
				MTL_FAST_MATH = YES;
				SDKROOT = iphoneos;
				SWIFT_COMPILATION_MODE = wholemodule;
				SWIFT_OPTIMIZATION_LEVEL = "-O";
				VALIDATE_PRODUCT = YES;
			};
			name = Release;
		};
		8A1B6190245AE3EE002ADF61 /* Debug */ = {
			isa = XCBuildConfiguration;
			buildSettings = {
				ASSETCATALOG_COMPILER_APPICON_NAME = AppIcon;
				CODE_SIGN_STYLE = Automatic;
				INFOPLIST_FILE = IosTutorial/Info.plist;
				LD_RUNPATH_SEARCH_PATHS = (
					"$(inherited)",
					"@executable_path/Frameworks",
				);
				PRODUCT_BUNDLE_IDENTIFIER = com.zayat.IosTutorial;
				PRODUCT_NAME = "$(TARGET_NAME)";
				SWIFT_VERSION = 5.0;
				TARGETED_DEVICE_FAMILY = "1,2";
			};
			name = Debug;
		};
		8A1B6191245AE3EE002ADF61 /* Release */ = {
			isa = XCBuildConfiguration;
			buildSettings = {
				ASSETCATALOG_COMPILER_APPICON_NAME = AppIcon;
				CODE_SIGN_STYLE = Automatic;
				INFOPLIST_FILE = IosTutorial/Info.plist;
				LD_RUNPATH_SEARCH_PATHS = (
					"$(inherited)",
					"@executable_path/Frameworks",
				);
				PRODUCT_BUNDLE_IDENTIFIER = com.zayat.IosTutorial;
				PRODUCT_NAME = "$(TARGET_NAME)";
				SWIFT_VERSION = 5.0;
				TARGETED_DEVICE_FAMILY = "1,2";
			};
			name = Release;
		};
		8A1B6193245AE3EE002ADF61 /* Debug */ = {
			isa = XCBuildConfiguration;
			buildSettings = {
				ALWAYS_EMBED_SWIFT_STANDARD_LIBRARIES = YES;
				BUNDLE_LOADER = "$(TEST_HOST)";
				CODE_SIGN_STYLE = Automatic;
				INFOPLIST_FILE = IosTutorialTests/Info.plist;
				IPHONEOS_DEPLOYMENT_TARGET = 13.4;
				LD_RUNPATH_SEARCH_PATHS = (
					"$(inherited)",
					"@executable_path/Frameworks",
					"@loader_path/Frameworks",
				);
				PRODUCT_BUNDLE_IDENTIFIER = com.zayat.IosTutorialTests;
				PRODUCT_NAME = "$(TARGET_NAME)";
				SWIFT_VERSION = 5.0;
				TARGETED_DEVICE_FAMILY = "1,2";
				TEST_HOST = "$(BUILT_PRODUCTS_DIR)/IosTutorial.app/IosTutorial";
			};
			name = Debug;
		};
		8A1B6194245AE3EE002ADF61 /* Release */ = {
			isa = XCBuildConfiguration;
			buildSettings = {
				ALWAYS_EMBED_SWIFT_STANDARD_LIBRARIES = YES;
				BUNDLE_LOADER = "$(TEST_HOST)";
				CODE_SIGN_STYLE = Automatic;
				INFOPLIST_FILE = IosTutorialTests/Info.plist;
				IPHONEOS_DEPLOYMENT_TARGET = 13.4;
				LD_RUNPATH_SEARCH_PATHS = (
					"$(inherited)",
					"@executable_path/Frameworks",
					"@loader_path/Frameworks",
				);
				PRODUCT_BUNDLE_IDENTIFIER = com.zayat.IosTutorialTests;
				PRODUCT_NAME = "$(TARGET_NAME)";
				SWIFT_VERSION = 5.0;
				TARGETED_DEVICE_FAMILY = "1,2";
				TEST_HOST = "$(BUILT_PRODUCTS_DIR)/IosTutorial.app/IosTutorial";
			};
			name = Release;
		};
		8A1B6196245AE3EE002ADF61 /* Debug */ = {
			isa = XCBuildConfiguration;
			buildSettings = {
				ALWAYS_EMBED_SWIFT_STANDARD_LIBRARIES = YES;
				CODE_SIGN_STYLE = Automatic;
				INFOPLIST_FILE = IosTutorialUITests/Info.plist;
				LD_RUNPATH_SEARCH_PATHS = (
					"$(inherited)",
					"@executable_path/Frameworks",
					"@loader_path/Frameworks",
				);
				PRODUCT_BUNDLE_IDENTIFIER = com.zayat.IosTutorialUITests;
				PRODUCT_NAME = "$(TARGET_NAME)";
				SWIFT_VERSION = 5.0;
				TARGETED_DEVICE_FAMILY = "1,2";
				TEST_TARGET_NAME = IosTutorial;
			};
			name = Debug;
		};
		8A1B6197245AE3EE002ADF61 /* Release */ = {
			isa = XCBuildConfiguration;
			buildSettings = {
				ALWAYS_EMBED_SWIFT_STANDARD_LIBRARIES = YES;
				CODE_SIGN_STYLE = Automatic;
				INFOPLIST_FILE = IosTutorialUITests/Info.plist;
				LD_RUNPATH_SEARCH_PATHS = (
					"$(inherited)",
					"@executable_path/Frameworks",
					"@loader_path/Frameworks",
				);
				PRODUCT_BUNDLE_IDENTIFIER = com.zayat.IosTutorialUITests;
				PRODUCT_NAME = "$(TARGET_NAME)";
				SWIFT_VERSION = 5.0;
				TARGETED_DEVICE_FAMILY = "1,2";
				TEST_TARGET_NAME = IosTutorial;
			};
			name = Release;
		};
/* End XCBuildConfiguration section */

/* Begin XCConfigurationList section */
		8A1B6160245AE3EC002ADF61 /* Build configuration list for PBXProject "IosTutorial" */ = {
			isa = XCConfigurationList;
			buildConfigurations = (
				8A1B618D245AE3EE002ADF61 /* Debug */,
				8A1B618E245AE3EE002ADF61 /* Release */,
			);
			defaultConfigurationIsVisible = 0;
			defaultConfigurationName = Release;
		};
		8A1B618F245AE3EE002ADF61 /* Build configuration list for PBXNativeTarget "IosTutorial" */ = {
			isa = XCConfigurationList;
			buildConfigurations = (
				8A1B6190245AE3EE002ADF61 /* Debug */,
				8A1B6191245AE3EE002ADF61 /* Release */,
			);
			defaultConfigurationIsVisible = 0;
			defaultConfigurationName = Release;
		};
		8A1B6192245AE3EE002ADF61 /* Build configuration list for PBXNativeTarget "IosTutorialTests" */ = {
			isa = XCConfigurationList;
			buildConfigurations = (
				8A1B6193245AE3EE002ADF61 /* Debug */,
				8A1B6194245AE3EE002ADF61 /* Release */,
			);
			defaultConfigurationIsVisible = 0;
			defaultConfigurationName = Release;
		};
		8A1B6195245AE3EE002ADF61 /* Build configuration list for PBXNativeTarget "IosTutorialUITests" */ = {
			isa = XCConfigurationList;
			buildConfigurations = (
				8A1B6196245AE3EE002ADF61 /* Debug */,
				8A1B6197245AE3EE002ADF61 /* Release */,
			);
			defaultConfigurationIsVisible = 0;
			defaultConfigurationName = Release;
		};
/* End XCConfigurationList section */
	};
	rootObject = 8A1B615D245AE3EC002ADF61 /* Project object */;
}
